
Microsoft Visual Studio Solution File, Format Version 12.00
# Visual Studio Version 17
VisualStudioVersion = 17.5.33516.290
MinimumVisualStudioVersion = 10.0.40219.1
Project("{FAE04EC0-301F-11D3-BF4B-00C04F79EFBC}") = "tugas1", "tugas1\tugas1.csproj", "{EC09158C-CE65-4F42-A54D-0EABA7727697}"
EndProject
Global
	GlobalSection(SolutionConfigurationPlatforms) = preSolution
		Debug|Any CPU = Debug|Any CPU
		Release|Any CPU = Release|Any CPU
	EndGlobalSection
	GlobalSection(ProjectConfigurationPlatforms) = postSolution
		{EC09158C-CE65-4F42-A54D-0EABA7727697}.Debug|Any CPU.ActiveCfg = Debug|Any CPU
		{EC09158C-CE65-4F42-A54D-0EABA7727697}.Debug|Any CPU.Build.0 = Debug|Any CPU
		{EC09158C-CE65-4F42-A54D-0EABA7727697}.Release|Any CPU.ActiveCfg = Release|Any CPU
		{EC09158C-CE65-4F42-A54D-0EABA7727697}.Release|Any CPU.Build.0 = Release|Any CPU
	EndGlobalSection
	GlobalSection(SolutionProperties) = preSolution
		HideSolutionNode = FALSE
	EndGlobalSection
	GlobalSection(ExtensibilityGlobals) = postSolution
		SolutionGuid = {F8E39E82-849F-4E3D-8ECF-F46E27DE0DC5}
	EndGlobalSection
EndGlobal
